
Microsoft Visual Studio Solution File, Format Version 12.00
# Visual Studio Version 17
VisualStudioVersion = 17.14.36203.30
MinimumVisualStudioVersion = 10.0.40219.1
Project("{2150E333-8FDC-42A3-9474-1A3956D46DE8}") = "Solution Items", "Solution Items", "{8EC462FD-D22E-90A8-E5CE-7E832BA40C5D}"
	ProjectSection(SolutionItems) = preProject
		docker-compose.yml = docker-compose.yml
		ReadME.md = ReadME.md
	EndProjectSection
EndProject
Project("{2150E333-8FDC-42A3-9474-1A3956D46DE8}") = "Bootstrapper", "Bootstrapper", "{02EA681E-C7D8-13C7-8484-4AC65E1B71E8}"
EndProject
Project("{2150E333-8FDC-42A3-9474-1A3956D46DE8}") = "Modules", "Modules", "{DD0CBDFA-B3D1-4E68-B5F9-298214513F3E}"
EndProject
Project("{2150E333-8FDC-42A3-9474-1A3956D46DE8}") = "Shared", "Shared", "{56A3EC91-3697-485E-9AB9-4CDD32975B53}"
EndProject
Project("{FAE04EC0-301F-11D3-BF4B-00C04F79EFBC}") = "API", "Bootstrapper\API\API.csproj", "{E1CA8F21-0809-4043-8AAA-24D225A1F3C3}"
EndProject
Project("{2150E333-8FDC-42A3-9474-1A3956D46DE8}") = "Basket", "Basket", "{50EF85A3-0089-46F8-B73E-F1E6D485C237}"
EndProject
Project("{2150E333-8FDC-42A3-9474-1A3956D46DE8}") = "Ordering", "Ordering", "{55EA4E5C-6700-495C-B355-6527A1B9B794}"
EndProject
Project("{2150E333-8FDC-42A3-9474-1A3956D46DE8}") = "Catalog", "Catalog", "{F0D7AE5C-C2F8-4DED-88F0-83C942611A63}"
EndProject
Project("{FAE04EC0-301F-11D3-BF4B-00C04F79EFBC}") = "EShop.Basket", "Modules\Basket\Basket\EShop.Basket.csproj", "{5794845D-D274-44E6-A59E-CF114E9ECB77}"
EndProject
Project("{FAE04EC0-301F-11D3-BF4B-00C04F79EFBC}") = "Eshop.Catalog", "Modules\Catalog\Catalog\Eshop.Catalog.csproj", "{23F15DB3-5DE8-4406-ADD3-CA5E4914B5B4}"
EndProject
Project("{FAE04EC0-301F-11D3-BF4B-00C04F79EFBC}") = "EShop.Ordering", "Modules\Ordering\Ordering\EShop.Ordering.csproj", "{C2F33249-6287-47F1-8B5F-455AA6D41A85}"
EndProject
Project("{FAE04EC0-301F-11D3-BF4B-00C04F79EFBC}") = "EShop.Shared", "Shared\EShop.Shared\EShop.Shared.csproj", "{3F8F6191-E90E-4846-A09B-87C7A5C9B353}"
EndProject
Project("{FAE04EC0-301F-11D3-BF4B-00C04F79EFBC}") = "Shared.Contract", "Shared\Shared.Contract\Shared.Contract.csproj", "{3D59B7A5-A4E5-4FBB-88ED-3CCAA3F039EC}"
EndProject
Project("{FAE04EC0-301F-11D3-BF4B-00C04F79EFBC}") = "Eshop.Catalog.Contract", "Modules\Catalog\Basket.Contract\Eshop.Catalog.Contract.csproj", "{E39807E7-0A58-46FB-8E80-59389B2BEFF2}"
EndProject
Project("{FAE04EC0-301F-11D3-BF4B-00C04F79EFBC}") = "Eshop.Shared.Messaging", "Shared\Eshop.Shared.Messaging\Eshop.Shared.Messaging.csproj", "{3C5C03F6-4122-49EF-93CF-2DADE719563C}"
EndProject
Global
	GlobalSection(SolutionConfigurationPlatforms) = preSolution
		Debug|Any CPU = Debug|Any CPU
		Release|Any CPU = Release|Any CPU
	EndGlobalSection
	GlobalSection(ProjectConfigurationPlatforms) = postSolution
		{E1CA8F21-0809-4043-8AAA-24D225A1F3C3}.Debug|Any CPU.ActiveCfg = Debug|Any CPU
		{E1CA8F21-0809-4043-8AAA-24D225A1F3C3}.Debug|Any CPU.Build.0 = Debug|Any CPU
		{E1CA8F21-0809-4043-8AAA-24D225A1F3C3}.Release|Any CPU.ActiveCfg = Release|Any CPU
		{E1CA8F21-0809-4043-8AAA-24D225A1F3C3}.Release|Any CPU.Build.0 = Release|Any CPU
		{5794845D-D274-44E6-A59E-CF114E9ECB77}.Debug|Any CPU.ActiveCfg = Debug|Any CPU
		{5794845D-D274-44E6-A59E-CF114E9ECB77}.Debug|Any CPU.Build.0 = Debug|Any CPU
		{5794845D-D274-44E6-A59E-CF114E9ECB77}.Release|Any CPU.ActiveCfg = Release|Any CPU
		{5794845D-D274-44E6-A59E-CF114E9ECB77}.Release|Any CPU.Build.0 = Release|Any CPU
		{23F15DB3-5DE8-4406-ADD3-CA5E4914B5B4}.Debug|Any CPU.ActiveCfg = Debug|Any CPU
		{23F15DB3-5DE8-4406-ADD3-CA5E4914B5B4}.Debug|Any CPU.Build.0 = Debug|Any CPU
		{23F15DB3-5DE8-4406-ADD3-CA5E4914B5B4}.Release|Any CPU.ActiveCfg = Release|Any CPU
		{23F15DB3-5DE8-4406-ADD3-CA5E4914B5B4}.Release|Any CPU.Build.0 = Release|Any CPU
		{C2F33249-6287-47F1-8B5F-455AA6D41A85}.Debug|Any CPU.ActiveCfg = Debug|Any CPU
		{C2F33249-6287-47F1-8B5F-455AA6D41A85}.Debug|Any CPU.Build.0 = Debug|Any CPU
		{C2F33249-6287-47F1-8B5F-455AA6D41A85}.Release|Any CPU.ActiveCfg = Release|Any CPU
		{C2F33249-6287-47F1-8B5F-455AA6D41A85}.Release|Any CPU.Build.0 = Release|Any CPU
		{3F8F6191-E90E-4846-A09B-87C7A5C9B353}.Debug|Any CPU.ActiveCfg = Debug|Any CPU
		{3F8F6191-E90E-4846-A09B-87C7A5C9B353}.Debug|Any CPU.Build.0 = Debug|Any CPU
		{3F8F6191-E90E-4846-A09B-87C7A5C9B353}.Release|Any CPU.ActiveCfg = Release|Any CPU
		{3F8F6191-E90E-4846-A09B-87C7A5C9B353}.Release|Any CPU.Build.0 = Release|Any CPU
		{3D59B7A5-A4E5-4FBB-88ED-3CCAA3F039EC}.Debug|Any CPU.ActiveCfg = Debug|Any CPU
		{3D59B7A5-A4E5-4FBB-88ED-3CCAA3F039EC}.Debug|Any CPU.Build.0 = Debug|Any CPU
		{3D59B7A5-A4E5-4FBB-88ED-3CCAA3F039EC}.Release|Any CPU.ActiveCfg = Release|Any CPU
		{3D59B7A5-A4E5-4FBB-88ED-3CCAA3F039EC}.Release|Any CPU.Build.0 = Release|Any CPU
		{E39807E7-0A58-46FB-8E80-59389B2BEFF2}.Debug|Any CPU.ActiveCfg = Debug|Any CPU
		{E39807E7-0A58-46FB-8E80-59389B2BEFF2}.Debug|Any CPU.Build.0 = Debug|Any CPU
		{E39807E7-0A58-46FB-8E80-59389B2BEFF2}.Release|Any CPU.ActiveCfg = Release|Any CPU
		{E39807E7-0A58-46FB-8E80-59389B2BEFF2}.Release|Any CPU.Build.0 = Release|Any CPU
		{3C5C03F6-4122-49EF-93CF-2DADE719563C}.Debug|Any CPU.ActiveCfg = Debug|Any CPU
		{3C5C03F6-4122-49EF-93CF-2DADE719563C}.Debug|Any CPU.Build.0 = Debug|Any CPU
		{3C5C03F6-4122-49EF-93CF-2DADE719563C}.Release|Any CPU.ActiveCfg = Release|Any CPU
		{3C5C03F6-4122-49EF-93CF-2DADE719563C}.Release|Any CPU.Build.0 = Release|Any CPU
	EndGlobalSection
	GlobalSection(SolutionProperties) = preSolution
		HideSolutionNode = FALSE
	EndGlobalSection
	GlobalSection(NestedProjects) = preSolution
		{E1CA8F21-0809-4043-8AAA-24D225A1F3C3} = {02EA681E-C7D8-13C7-8484-4AC65E1B71E8}
		{50EF85A3-0089-46F8-B73E-F1E6D485C237} = {DD0CBDFA-B3D1-4E68-B5F9-298214513F3E}
		{55EA4E5C-6700-495C-B355-6527A1B9B794} = {DD0CBDFA-B3D1-4E68-B5F9-298214513F3E}
		{F0D7AE5C-C2F8-4DED-88F0-83C942611A63} = {DD0CBDFA-B3D1-4E68-B5F9-298214513F3E}
		{5794845D-D274-44E6-A59E-CF114E9ECB77} = {50EF85A3-0089-46F8-B73E-F1E6D485C237}
		{23F15DB3-5DE8-4406-ADD3-CA5E4914B5B4} = {F0D7AE5C-C2F8-4DED-88F0-83C942611A63}
		{C2F33249-6287-47F1-8B5F-455AA6D41A85} = {55EA4E5C-6700-495C-B355-6527A1B9B794}
		{3F8F6191-E90E-4846-A09B-87C7A5C9B353} = {56A3EC91-3697-485E-9AB9-4CDD32975B53}
		{3D59B7A5-A4E5-4FBB-88ED-3CCAA3F039EC} = {56A3EC91-3697-485E-9AB9-4CDD32975B53}
		{E39807E7-0A58-46FB-8E80-59389B2BEFF2} = {F0D7AE5C-C2F8-4DED-88F0-83C942611A63}
		{3C5C03F6-4122-49EF-93CF-2DADE719563C} = {56A3EC91-3697-485E-9AB9-4CDD32975B53}
	EndGlobalSection
	GlobalSection(ExtensibilityGlobals) = postSolution
		SolutionGuid = {0EE68636-A7AB-428F-BF8A-5CFE2E79DD44}
	EndGlobalSection
EndGlobal
